
Microsoft Visual Studio Solution File, Format Version 12.00
# Visual Studio Version 17
VisualStudioVersion = 17.12.35521.163
MinimumVisualStudioVersion = 10.0.40219.1
Project("{FAE04EC0-301F-11D3-BF4B-00C04F79EFBC}") = "Web.Api", "Web.Api\Web.Api.csproj", "{0AC356C9-0F65-4AB8-BCE1-19B01FCC71C8}"
EndProject
Project("{2150E333-8FDC-42A3-9474-1A3956D46DE8}") = "Solution Items", "Solution Items", "{3C984FBD-34AC-4D43-BA40-3899DDFB125C}"
	ProjectSection(SolutionItems) = preProject
		.editorconfig = .editorconfig
		Directory.Build.props = Directory.Build.props
		Directory.Packages.props = Directory.Packages.props
	EndProjectSection
EndProject
Project("{FAE04EC0-301F-11D3-BF4B-00C04F79EFBC}") = "Contracts", "Contracts\Contracts.csproj", "{EF2281CB-7534-492C-BD52-AEBF47ED85DF}"
EndProject
Project("{FAE04EC0-301F-11D3-BF4B-00C04F79EFBC}") = "CommonUtils", "CommonUtils\CommonUtils.csproj", "{40ED68EF-7D19-40A3-A275-CD2C4B6FD434}"
EndProject
Project("{FAE04EC0-301F-11D3-BF4B-00C04F79EFBC}") = "OpenTelemetryDemo", "OpenTelemetryDemo\OpenTelemetryDemo.csproj", "{822BBB47-2861-4A8F-B418-DC56AB67D1E0}"
EndProject
Project("{FAE04EC0-301F-11D3-BF4B-00C04F79EFBC}") = "UseMediatR", "UseMediatR\UseMediatR.csproj", "{E737D08D-39CC-4CC3-B064-9E2047174CF7}"
EndProject
Project("{FAE04EC0-301F-11D3-BF4B-00C04F79EFBC}") = "UseSerilog", "UseSerilog\UseSerilog.csproj", "{FD8F8B43-113E-4734-8E90-6D1116E7BD1B}"
EndProject
Project("{FAE04EC0-301F-11D3-BF4B-00C04F79EFBC}") = "GlobalErrorHandler", "GlobalErrorHandler\GlobalErrorHandler.csproj", "{E85D318C-F41B-4B2A-B924-14AA86B8C17D}"
EndProject
Project("{2150E333-8FDC-42A3-9474-1A3956D46DE8}") = "src", "src", "{73CD998B-AD0D-4B48-ABC3-0938174A2330}"
EndProject
Project("{2150E333-8FDC-42A3-9474-1A3956D46DE8}") = "tests", "tests", "{59965511-E99D-4DD6-AC99-BB6739F34B10}"
EndProject
Project("{FAE04EC0-301F-11D3-BF4B-00C04F79EFBC}") = "CommonUtilsTests", "CommonUtilsTests\CommonUtilsTests.csproj", "{F18F247E-F399-405B-B072-D2825A7959B4}"
EndProject
Project("{FAE04EC0-301F-11D3-BF4B-00C04F79EFBC}") = "CSharpBasic", "CSharpBasic\CSharpBasic.csproj", "{5EBC345B-F66F-4554-8BCD-94D69C8D1BCE}"
EndProject
Project("{2150E333-8FDC-42A3-9474-1A3956D46DE8}") = "Benchmarks", "Benchmarks", "{8FAD7D6A-D1E6-43BB-802C-C01072F12509}"
EndProject
Project("{FAE04EC0-301F-11D3-BF4B-00C04F79EFBC}") = "序列化协议性能对比Benchmarks", "序列化协议性能对比\序列化协议性能对比Benchmarks.csproj", "{140FABDF-0275-492F-B36D-9B4B5E1AAFB0}"
EndProject
Project("{FAE04EC0-301F-11D3-BF4B-00C04F79EFBC}") = "Polling池化技术", "Polling池化技术\Polling池化技术.csproj", "{63182F86-5703-49BD-8B4C-5825ADC3A035}"
EndProject
Global
	GlobalSection(SolutionConfigurationPlatforms) = preSolution
		Debug|Any CPU = Debug|Any CPU
		Release|Any CPU = Release|Any CPU
	EndGlobalSection
	GlobalSection(ProjectConfigurationPlatforms) = postSolution
		{0AC356C9-0F65-4AB8-BCE1-19B01FCC71C8}.Debug|Any CPU.ActiveCfg = Debug|Any CPU
		{0AC356C9-0F65-4AB8-BCE1-19B01FCC71C8}.Debug|Any CPU.Build.0 = Debug|Any CPU
		{0AC356C9-0F65-4AB8-BCE1-19B01FCC71C8}.Release|Any CPU.ActiveCfg = Release|Any CPU
		{0AC356C9-0F65-4AB8-BCE1-19B01FCC71C8}.Release|Any CPU.Build.0 = Release|Any CPU
		{EF2281CB-7534-492C-BD52-AEBF47ED85DF}.Debug|Any CPU.ActiveCfg = Debug|Any CPU
		{EF2281CB-7534-492C-BD52-AEBF47ED85DF}.Debug|Any CPU.Build.0 = Debug|Any CPU
		{EF2281CB-7534-492C-BD52-AEBF47ED85DF}.Release|Any CPU.ActiveCfg = Release|Any CPU
		{EF2281CB-7534-492C-BD52-AEBF47ED85DF}.Release|Any CPU.Build.0 = Release|Any CPU
		{40ED68EF-7D19-40A3-A275-CD2C4B6FD434}.Debug|Any CPU.ActiveCfg = Debug|Any CPU
		{40ED68EF-7D19-40A3-A275-CD2C4B6FD434}.Debug|Any CPU.Build.0 = Debug|Any CPU
		{40ED68EF-7D19-40A3-A275-CD2C4B6FD434}.Release|Any CPU.ActiveCfg = Release|Any CPU
		{40ED68EF-7D19-40A3-A275-CD2C4B6FD434}.Release|Any CPU.Build.0 = Release|Any CPU
		{822BBB47-2861-4A8F-B418-DC56AB67D1E0}.Debug|Any CPU.ActiveCfg = Debug|Any CPU
		{822BBB47-2861-4A8F-B418-DC56AB67D1E0}.Debug|Any CPU.Build.0 = Debug|Any CPU
		{822BBB47-2861-4A8F-B418-DC56AB67D1E0}.Release|Any CPU.ActiveCfg = Release|Any CPU
		{822BBB47-2861-4A8F-B418-DC56AB67D1E0}.Release|Any CPU.Build.0 = Release|Any CPU
		{E737D08D-39CC-4CC3-B064-9E2047174CF7}.Debug|Any CPU.ActiveCfg = Debug|Any CPU
		{E737D08D-39CC-4CC3-B064-9E2047174CF7}.Debug|Any CPU.Build.0 = Debug|Any CPU
		{E737D08D-39CC-4CC3-B064-9E2047174CF7}.Release|Any CPU.ActiveCfg = Release|Any CPU
		{E737D08D-39CC-4CC3-B064-9E2047174CF7}.Release|Any CPU.Build.0 = Release|Any CPU
		{FD8F8B43-113E-4734-8E90-6D1116E7BD1B}.Debug|Any CPU.ActiveCfg = Debug|Any CPU
		{FD8F8B43-113E-4734-8E90-6D1116E7BD1B}.Debug|Any CPU.Build.0 = Debug|Any CPU
		{FD8F8B43-113E-4734-8E90-6D1116E7BD1B}.Release|Any CPU.ActiveCfg = Release|Any CPU
		{FD8F8B43-113E-4734-8E90-6D1116E7BD1B}.Release|Any CPU.Build.0 = Release|Any CPU
		{E85D318C-F41B-4B2A-B924-14AA86B8C17D}.Debug|Any CPU.ActiveCfg = Debug|Any CPU
		{E85D318C-F41B-4B2A-B924-14AA86B8C17D}.Debug|Any CPU.Build.0 = Debug|Any CPU
		{E85D318C-F41B-4B2A-B924-14AA86B8C17D}.Release|Any CPU.ActiveCfg = Release|Any CPU
		{E85D318C-F41B-4B2A-B924-14AA86B8C17D}.Release|Any CPU.Build.0 = Release|Any CPU
		{F18F247E-F399-405B-B072-D2825A7959B4}.Debug|Any CPU.ActiveCfg = Debug|Any CPU
		{F18F247E-F399-405B-B072-D2825A7959B4}.Debug|Any CPU.Build.0 = Debug|Any CPU
		{F18F247E-F399-405B-B072-D2825A7959B4}.Release|Any CPU.ActiveCfg = Release|Any CPU
		{F18F247E-F399-405B-B072-D2825A7959B4}.Release|Any CPU.Build.0 = Release|Any CPU
		{5EBC345B-F66F-4554-8BCD-94D69C8D1BCE}.Debug|Any CPU.ActiveCfg = Debug|Any CPU
		{5EBC345B-F66F-4554-8BCD-94D69C8D1BCE}.Debug|Any CPU.Build.0 = Debug|Any CPU
		{5EBC345B-F66F-4554-8BCD-94D69C8D1BCE}.Release|Any CPU.ActiveCfg = Release|Any CPU
		{5EBC345B-F66F-4554-8BCD-94D69C8D1BCE}.Release|Any CPU.Build.0 = Release|Any CPU
		{140FABDF-0275-492F-B36D-9B4B5E1AAFB0}.Debug|Any CPU.ActiveCfg = Debug|Any CPU
		{140FABDF-0275-492F-B36D-9B4B5E1AAFB0}.Debug|Any CPU.Build.0 = Debug|Any CPU
		{140FABDF-0275-492F-B36D-9B4B5E1AAFB0}.Release|Any CPU.ActiveCfg = Release|Any CPU
		{140FABDF-0275-492F-B36D-9B4B5E1AAFB0}.Release|Any CPU.Build.0 = Release|Any CPU
		{63182F86-5703-49BD-8B4C-5825ADC3A035}.Debug|Any CPU.ActiveCfg = Debug|Any CPU
		{63182F86-5703-49BD-8B4C-5825ADC3A035}.Debug|Any CPU.Build.0 = Debug|Any CPU
		{63182F86-5703-49BD-8B4C-5825ADC3A035}.Release|Any CPU.ActiveCfg = Release|Any CPU
		{63182F86-5703-49BD-8B4C-5825ADC3A035}.Release|Any CPU.Build.0 = Release|Any CPU
	EndGlobalSection
	GlobalSection(SolutionProperties) = preSolution
		HideSolutionNode = FALSE
	EndGlobalSection
	GlobalSection(NestedProjects) = preSolution
		{0AC356C9-0F65-4AB8-BCE1-19B01FCC71C8} = {73CD998B-AD0D-4B48-ABC3-0938174A2330}
		{EF2281CB-7534-492C-BD52-AEBF47ED85DF} = {73CD998B-AD0D-4B48-ABC3-0938174A2330}
		{40ED68EF-7D19-40A3-A275-CD2C4B6FD434} = {73CD998B-AD0D-4B48-ABC3-0938174A2330}
		{822BBB47-2861-4A8F-B418-DC56AB67D1E0} = {73CD998B-AD0D-4B48-ABC3-0938174A2330}
		{E737D08D-39CC-4CC3-B064-9E2047174CF7} = {73CD998B-AD0D-4B48-ABC3-0938174A2330}
		{FD8F8B43-113E-4734-8E90-6D1116E7BD1B} = {73CD998B-AD0D-4B48-ABC3-0938174A2330}
		{E85D318C-F41B-4B2A-B924-14AA86B8C17D} = {73CD998B-AD0D-4B48-ABC3-0938174A2330}
		{F18F247E-F399-405B-B072-D2825A7959B4} = {59965511-E99D-4DD6-AC99-BB6739F34B10}
		{5EBC345B-F66F-4554-8BCD-94D69C8D1BCE} = {73CD998B-AD0D-4B48-ABC3-0938174A2330}
		{140FABDF-0275-492F-B36D-9B4B5E1AAFB0} = {8FAD7D6A-D1E6-43BB-802C-C01072F12509}
		{63182F86-5703-49BD-8B4C-5825ADC3A035} = {73CD998B-AD0D-4B48-ABC3-0938174A2330}
	EndGlobalSection
EndGlobal
